
Microsoft Visual Studio Solution File, Format Version 12.00
# Visual Studio Version 16
VisualStudioVersion = 16.0.29806.167
MinimumVisualStudioVersion = 10.0.40219.1
Project("{FAE04EC0-301F-11D3-BF4B-00C04F79EFBC}") = "SortAlgorithms", "SortAlgorithms.csproj", "{4FA660A4-DB7A-4210-9358-791182763EC5}"
EndProject
Global
	GlobalSection(SolutionConfigurationPlatforms) = preSolution
		Debug|Any CPU = Debug|Any CPU
		Release|Any CPU = Release|Any CPU
	EndGlobalSection
	GlobalSection(ProjectConfigurationPlatforms) = postSolution
		{4FA660A4-DB7A-4210-9358-791182763EC5}.Debug|Any CPU.ActiveCfg = Debug|Any CPU
		{4FA660A4-DB7A-4210-9358-791182763EC5}.Debug|Any CPU.Build.0 = Debug|Any CPU
		{4FA660A4-DB7A-4210-9358-791182763EC5}.Release|Any CPU.ActiveCfg = Release|Any CPU
		{4FA660A4-DB7A-4210-9358-791182763EC5}.Release|Any CPU.Build.0 = Release|Any CPU
	EndGlobalSection
	GlobalSection(SolutionProperties) = preSolution
		HideSolutionNode = FALSE
	EndGlobalSection
	GlobalSection(ExtensibilityGlobals) = postSolution
		SolutionGuid = {7FAF28BE-5B0E-4174-94DB-9AE160ECD9CC}
	EndGlobalSection
EndGlobal
